
Microsoft Visual Studio Solution File, Format Version 12.00
# Visual Studio 2012
Project("{FAE04EC0-301F-11D3-BF4B-00C04F79EFBC}") = "Testes", "Testes\Testes.csproj", "{3EF164F0-20B9-4223-BF81-B87A63CC68E3}"
EndProject
Project("{FAE04EC0-301F-11D3-BF4B-00C04F79EFBC}") = "Aplication", "Aplication\Aplication.csproj", "{B1EE28EB-2563-4CB5-897A-2178DAEA4F69}"
EndProject
Project("{FAE04EC0-301F-11D3-BF4B-00C04F79EFBC}") = "StringStream", "StringStream\StringStream.csproj", "{E552C864-7642-4591-BBE1-F7C3A2749046}"
EndProject
Global
	GlobalSection(SolutionConfigurationPlatforms) = preSolution
		Debug|Any CPU = Debug|Any CPU
		Release|Any CPU = Release|Any CPU
	EndGlobalSection
	GlobalSection(ProjectConfigurationPlatforms) = postSolution
		{3EF164F0-20B9-4223-BF81-B87A63CC68E3}.Debug|Any CPU.ActiveCfg = Debug|Any CPU
		{3EF164F0-20B9-4223-BF81-B87A63CC68E3}.Debug|Any CPU.Build.0 = Debug|Any CPU
		{3EF164F0-20B9-4223-BF81-B87A63CC68E3}.Release|Any CPU.ActiveCfg = Release|Any CPU
		{3EF164F0-20B9-4223-BF81-B87A63CC68E3}.Release|Any CPU.Build.0 = Release|Any CPU
		{B1EE28EB-2563-4CB5-897A-2178DAEA4F69}.Debug|Any CPU.ActiveCfg = Debug|Any CPU
		{B1EE28EB-2563-4CB5-897A-2178DAEA4F69}.Debug|Any CPU.Build.0 = Debug|Any CPU
		{B1EE28EB-2563-4CB5-897A-2178DAEA4F69}.Release|Any CPU.ActiveCfg = Release|Any CPU
		{B1EE28EB-2563-4CB5-897A-2178DAEA4F69}.Release|Any CPU.Build.0 = Release|Any CPU
		{E552C864-7642-4591-BBE1-F7C3A2749046}.Debug|Any CPU.ActiveCfg = Debug|Any CPU
		{E552C864-7642-4591-BBE1-F7C3A2749046}.Debug|Any CPU.Build.0 = Debug|Any CPU
		{E552C864-7642-4591-BBE1-F7C3A2749046}.Release|Any CPU.ActiveCfg = Release|Any CPU
		{E552C864-7642-4591-BBE1-F7C3A2749046}.Release|Any CPU.Build.0 = Release|Any CPU
	EndGlobalSection
	GlobalSection(SolutionProperties) = preSolution
		HideSolutionNode = FALSE
	EndGlobalSection
EndGlobal
